
Microsoft Visual Studio Solution File, Format Version 12.00
# Visual Studio Version 17
VisualStudioVersion = 17.5.33516.290
MinimumVisualStudioVersion = 10.0.40219.1
Project("{FAE04EC0-301F-11D3-BF4B-00C04F79EFBC}") = "WindowsFormsApp1", "WindowsFormsApp1\WindowsFormsApp1.csproj", "{592B6BF4-BE49-413A-B287-1871463F5ED6}"
EndProject
Global
	GlobalSection(SolutionConfigurationPlatforms) = preSolution
		Debug|Any CPU = Debug|Any CPU
		Release|Any CPU = Release|Any CPU
	EndGlobalSection
	GlobalSection(ProjectConfigurationPlatforms) = postSolution
		{592B6BF4-BE49-413A-B287-1871463F5ED6}.Debug|Any CPU.ActiveCfg = Debug|Any CPU
		{592B6BF4-BE49-413A-B287-1871463F5ED6}.Debug|Any CPU.Build.0 = Debug|Any CPU
		{592B6BF4-BE49-413A-B287-1871463F5ED6}.Release|Any CPU.ActiveCfg = Release|Any CPU
		{592B6BF4-BE49-413A-B287-1871463F5ED6}.Release|Any CPU.Build.0 = Release|Any CPU
	EndGlobalSection
	GlobalSection(SolutionProperties) = preSolution
		HideSolutionNode = FALSE
	EndGlobalSection
	GlobalSection(ExtensibilityGlobals) = postSolution
		SolutionGuid = {FDEE4A63-E646-47D0-B642-E067C3FF0E02}
	EndGlobalSection
EndGlobal
